// !$*UTF8*$!
{
	archiveVersion = 1;
	classes = {
	};
	objectVersion = 46;
	objects = {

/* Begin PBXBuildFile section */
		264F3B172FF8E4163B62AE42 /* Pods_NeatDriveUITests.framework in Frameworks */ = {isa = PBXBuildFile; fileRef = A3A628776E25F8C6D844FC85 /* Pods_NeatDriveUITests.framework */; };
		521B3DB21E237C8A0053EAAE /* FileCell.swift in Sources */ = {isa = PBXBuildFile; fileRef = 521B3DB11E237C8A0053EAAE /* FileCell.swift */; };
		52391D561E1B30FF00D23D94 /* CloudServiceViewController.swift in Sources */ = {isa = PBXBuildFile; fileRef = 52391D551E1B30FF00D23D94 /* CloudServiceViewController.swift */; };
		52391D591E1B318A00D23D94 /* FileShareViewController.swift in Sources */ = {isa = PBXBuildFile; fileRef = 52391D581E1B318A00D23D94 /* FileShareViewController.swift */; };
		52391D5C1E1B31C200D23D94 /* StorageStatusViewController.swift in Sources */ = {isa = PBXBuildFile; fileRef = 52391D5B1E1B31C200D23D94 /* StorageStatusViewController.swift */; };
		52391D5E1E1B399000D23D94 /* MenuItemCell.swift in Sources */ = {isa = PBXBuildFile; fileRef = 52391D5D1E1B399000D23D94 /* MenuItemCell.swift */; };
		52391D601E1B41A000D23D94 /* CloudItemCell.swift in Sources */ = {isa = PBXBuildFile; fileRef = 52391D5F1E1B41A000D23D94 /* CloudItemCell.swift */; };
		52391D6A1E1B45FA00D23D94 /* CloudFileViewController.swift in Sources */ = {isa = PBXBuildFile; fileRef = 52391D691E1B45FA00D23D94 /* CloudFileViewController.swift */; };
		52391D731E1B784800D23D94 /* Utility.swift in Sources */ = {isa = PBXBuildFile; fileRef = 52391D721E1B784800D23D94 /* Utility.swift */; };
		52391D751E1B973E00D23D94 /* CloudMetadataCell.swift in Sources */ = {isa = PBXBuildFile; fileRef = 52391D741E1B973E00D23D94 /* CloudMetadataCell.swift */; };
		52DA66871E1BD22E0055F150 /* DropBoxDrive.swift in Sources */ = {isa = PBXBuildFile; fileRef = 52DA66841E1BD22E0055F150 /* DropBoxDrive.swift */; };
		52DA66881E1BD22E0055F150 /* GoogleDrive.swift in Sources */ = {isa = PBXBuildFile; fileRef = 52DA66851E1BD22E0055F150 /* GoogleDrive.swift */; };
		52DA66891E1BD22E0055F150 /* CloudDrive.swift in Sources */ = {isa = PBXBuildFile; fileRef = 52DA66861E1BD22E0055F150 /* CloudDrive.swift */; };
		52DA668B1E1BD2480055F150 /* DownloadQueueViewController.swift in Sources */ = {isa = PBXBuildFile; fileRef = 52DA668A1E1BD2480055F150 /* DownloadQueueViewController.swift */; };
		52DA668D1E1BD2860055F150 /* DownloadCell.swift in Sources */ = {isa = PBXBuildFile; fileRef = 52DA668C1E1BD2860055F150 /* DownloadCell.swift */; };
		52E3524F1E1C9D5200115446 /* PasscodeViewController.swift in Sources */ = {isa = PBXBuildFile; fileRef = 52E3524E1E1C9D5200115446 /* PasscodeViewController.swift */; };
		52E352511E1E1A4300115446 /* EmptySegue.swift in Sources */ = {isa = PBXBuildFile; fileRef = 52E352501E1E1A4300115446 /* EmptySegue.swift */; };
		52E352531E1E1C4200115446 /* ContainerViewController.swift in Sources */ = {isa = PBXBuildFile; fileRef = 52E352521E1E1C4200115446 /* ContainerViewController.swift */; };
		52E352561E1F306C00115446 /* WifiViewController.swift in Sources */ = {isa = PBXBuildFile; fileRef = 52E352551E1F306C00115446 /* WifiViewController.swift */; };
		52E352581E1F338D00115446 /* NavSlideViewController.swift in Sources */ = {isa = PBXBuildFile; fileRef = 52E352571E1F338D00115446 /* NavSlideViewController.swift */; };
		52E3525A1E1F376200115446 /* WifiFirstSlide.swift in Sources */ = {isa = PBXBuildFile; fileRef = 52E352591E1F376200115446 /* WifiFirstSlide.swift */; };
		52E3525C1E1F379D00115446 /* WifiSecondSlide.swift in Sources */ = {isa = PBXBuildFile; fileRef = 52E3525B1E1F379D00115446 /* WifiSecondSlide.swift */; };
		52E3525E1E1F37B800115446 /* WifiThirdSlide.swift in Sources */ = {isa = PBXBuildFile; fileRef = 52E3525D1E1F37B800115446 /* WifiThirdSlide.swift */; };
		52E352601E1F487000115446 /* GCDWebUploader.bundle in Resources */ = {isa = PBXBuildFile; fileRef = 52E3525F1E1F487000115446 /* GCDWebUploader.bundle */; };
		52E352671E1F4CE300115446 /* HttpFileTransferManager.swift in Sources */ = {isa = PBXBuildFile; fileRef = 52E352661E1F4CE300115446 /* HttpFileTransferManager.swift */; };
		52E55C7A1E235142007C6EDF /* LocalFileManager.swift in Sources */ = {isa = PBXBuildFile; fileRef = 52E55C791E235142007C6EDF /* LocalFileManager.swift */; };
		52E55C7C1E236B5E007C6EDF /* LocalFileMetadata.swift in Sources */ = {isa = PBXBuildFile; fileRef = 52E55C7B1E236B5E007C6EDF /* LocalFileMetadata.swift */; };
		52E847871E1355BE004AAABE /* AppDelegate.swift in Sources */ = {isa = PBXBuildFile; fileRef = 52E847861E1355BE004AAABE /* AppDelegate.swift */; };
		52E847891E1355BE004AAABE /* ViewController.swift in Sources */ = {isa = PBXBuildFile; fileRef = 52E847881E1355BE004AAABE /* ViewController.swift */; };
		52E8478C1E1355BE004AAABE /* Main.storyboard in Resources */ = {isa = PBXBuildFile; fileRef = 52E8478A1E1355BE004AAABE /* Main.storyboard */; };
		52E8478E1E1355BE004AAABE /* Assets.xcassets in Resources */ = {isa = PBXBuildFile; fileRef = 52E8478D1E1355BE004AAABE /* Assets.xcassets */; };
		52E847911E1355BE004AAABE /* LaunchScreen.storyboard in Resources */ = {isa = PBXBuildFile; fileRef = 52E8478F1E1355BE004AAABE /* LaunchScreen.storyboard */; };
		52E8479C1E1355BE004AAABE /* NeatDriveTests.swift in Sources */ = {isa = PBXBuildFile; fileRef = 52E8479B1E1355BE004AAABE /* NeatDriveTests.swift */; };
		52E847A71E1355BE004AAABE /* NeatDriveUITests.swift in Sources */ = {isa = PBXBuildFile; fileRef = 52E847A61E1355BE004AAABE /* NeatDriveUITests.swift */; };
		52E847B51E160918004AAABE /* LocalFilesViewController.swift in Sources */ = {isa = PBXBuildFile; fileRef = 52E847B41E160918004AAABE /* LocalFilesViewController.swift */; };
		52E847B71E160994004AAABE /* MenuViewController.swift in Sources */ = {isa = PBXBuildFile; fileRef = 52E847B61E160994004AAABE /* MenuViewController.swift */; };
		52E847B91E160BD0004AAABE /* SlidableViewController.swift in Sources */ = {isa = PBXBuildFile; fileRef = 52E847B81E160BD0004AAABE /* SlidableViewController.swift */; };
		BA34B4253663C3D183F49D97 /* Pods_NeatDriveTests.framework in Frameworks */ = {isa = PBXBuildFile; fileRef = B58225BF61607A29AD9AEAB6 /* Pods_NeatDriveTests.framework */; };
		F1725A51D4906247ED2BB123 /* Pods_NeatDrive.framework in Frameworks */ = {isa = PBXBuildFile; fileRef = AB43F2A786E699606050156C /* Pods_NeatDrive.framework */; };
/* End PBXBuildFile section */

/* Begin PBXContainerItemProxy section */
		52E847981E1355BE004AAABE /* PBXContainerItemProxy */ = {
			isa = PBXContainerItemProxy;
			containerPortal = 52E8477B1E1355BE004AAABE /* Project object */;
			proxyType = 1;
			remoteGlobalIDString = 52E847821E1355BE004AAABE;
			remoteInfo = NeatDrive;
		};
		52E847A31E1355BE004AAABE /* PBXContainerItemProxy */ = {
			isa = PBXContainerItemProxy;
			containerPortal = 52E8477B1E1355BE004AAABE /* Project object */;
			proxyType = 1;
			remoteGlobalIDString = 52E847821E1355BE004AAABE;
			remoteInfo = NeatDrive;
		};
/* End PBXContainerItemProxy section */

/* Begin PBXFileReference section */
		11A52F3443333FA62D87E14E /* Pods-NeatDriveTests.debug.xcconfig */ = {isa = PBXFileReference; includeInIndex = 1; lastKnownFileType = text.xcconfig; name = "Pods-NeatDriveTests.debug.xcconfig"; path = "Pods/Target Support Files/Pods-NeatDriveTests/Pods-NeatDriveTests.debug.xcconfig"; sourceTree = "<group>"; };
		3BD7158A30DD702E6E75DD35 /* Pods-NeatDrive.debug.xcconfig */ = {isa = PBXFileReference; includeInIndex = 1; lastKnownFileType = text.xcconfig; name = "Pods-NeatDrive.debug.xcconfig"; path = "Pods/Target Support Files/Pods-NeatDrive/Pods-NeatDrive.debug.xcconfig"; sourceTree = "<group>"; };
		3CF1410B986EABFEE2704EBB /* Pods-NeatDriveUITests.debug.xcconfig */ = {isa = PBXFileReference; includeInIndex = 1; lastKnownFileType = text.xcconfig; name = "Pods-NeatDriveUITests.debug.xcconfig"; path = "Pods/Target Support Files/Pods-NeatDriveUITests/Pods-NeatDriveUITests.debug.xcconfig"; sourceTree = "<group>"; };
		521B3DB11E237C8A0053EAAE /* FileCell.swift */ = {isa = PBXFileReference; fileEncoding = 4; lastKnownFileType = sourcecode.swift; path = FileCell.swift; sourceTree = "<group>"; };
		52391D551E1B30FF00D23D94 /* CloudServiceViewController.swift */ = {isa = PBXFileReference; fileEncoding = 4; lastKnownFileType = sourcecode.swift; path = CloudServiceViewController.swift; sourceTree = "<group>"; };
		52391D581E1B318A00D23D94 /* FileShareViewController.swift */ = {isa = PBXFileReference; fileEncoding = 4; lastKnownFileType = sourcecode.swift; path = FileShareViewController.swift; sourceTree = "<group>"; };
		52391D5B1E1B31C200D23D94 /* StorageStatusViewController.swift */ = {isa = PBXFileReference; fileEncoding = 4; lastKnownFileType = sourcecode.swift; path = StorageStatusViewController.swift; sourceTree = "<group>"; };
		52391D5D1E1B399000D23D94 /* MenuItemCell.swift */ = {isa = PBXFileReference; fileEncoding = 4; lastKnownFileType = sourcecode.swift; path = MenuItemCell.swift; sourceTree = "<group>"; };
		52391D5F1E1B41A000D23D94 /* CloudItemCell.swift */ = {isa = PBXFileReference; fileEncoding = 4; lastKnownFileType = sourcecode.swift; path = CloudItemCell.swift; sourceTree = "<group>"; };
		52391D691E1B45FA00D23D94 /* CloudFileViewController.swift */ = {isa = PBXFileReference; fileEncoding = 4; lastKnownFileType = sourcecode.swift; path = CloudFileViewController.swift; sourceTree = "<group>"; };
		52391D721E1B784800D23D94 /* Utility.swift */ = {isa = PBXFileReference; fileEncoding = 4; lastKnownFileType = sourcecode.swift; path = Utility.swift; sourceTree = "<group>"; };
		52391D741E1B973E00D23D94 /* CloudMetadataCell.swift */ = {isa = PBXFileReference; fileEncoding = 4; lastKnownFileType = sourcecode.swift; path = CloudMetadataCell.swift; sourceTree = "<group>"; };
		52DA66811E1BA3750055F150 /* NeatDrive.entitlements */ = {isa = PBXFileReference; lastKnownFileType = text.plist.entitlements; path = NeatDrive.entitlements; sourceTree = "<group>"; };
		52DA66841E1BD22E0055F150 /* DropBoxDrive.swift */ = {isa = PBXFileReference; fileEncoding = 4; lastKnownFileType = sourcecode.swift; path = DropBoxDrive.swift; sourceTree = "<group>"; };
		52DA66851E1BD22E0055F150 /* GoogleDrive.swift */ = {isa = PBXFileReference; fileEncoding = 4; lastKnownFileType = sourcecode.swift; path = GoogleDrive.swift; sourceTree = "<group>"; };
		52DA66861E1BD22E0055F150 /* CloudDrive.swift */ = {isa = PBXFileReference; fileEncoding = 4; lastKnownFileType = sourcecode.swift; path = CloudDrive.swift; sourceTree = "<group>"; };
		52DA668A1E1BD2480055F150 /* DownloadQueueViewController.swift */ = {isa = PBXFileReference; fileEncoding = 4; lastKnownFileType = sourcecode.swift; path = DownloadQueueViewController.swift; sourceTree = "<group>"; };
		52DA668C1E1BD2860055F150 /* DownloadCell.swift */ = {isa = PBXFileReference; fileEncoding = 4; lastKnownFileType = sourcecode.swift; path = DownloadCell.swift; sourceTree = "<group>"; };
		52E3524E1E1C9D5200115446 /* PasscodeViewController.swift */ = {isa = PBXFileReference; fileEncoding = 4; lastKnownFileType = sourcecode.swift; path = PasscodeViewController.swift; sourceTree = "<group>"; };
		52E352501E1E1A4300115446 /* EmptySegue.swift */ = {isa = PBXFileReference; fileEncoding = 4; lastKnownFileType = sourcecode.swift; path = EmptySegue.swift; sourceTree = "<group>"; };
		52E352521E1E1C4200115446 /* ContainerViewController.swift */ = {isa = PBXFileReference; fileEncoding = 4; lastKnownFileType = sourcecode.swift; path = ContainerViewController.swift; sourceTree = "<group>"; };
		52E352551E1F306C00115446 /* WifiViewController.swift */ = {isa = PBXFileReference; fileEncoding = 4; lastKnownFileType = sourcecode.swift; path = WifiViewController.swift; sourceTree = "<group>"; };
		52E352571E1F338D00115446 /* NavSlideViewController.swift */ = {isa = PBXFileReference; fileEncoding = 4; lastKnownFileType = sourcecode.swift; path = NavSlideViewController.swift; sourceTree = "<group>"; };
		52E352591E1F376200115446 /* WifiFirstSlide.swift */ = {isa = PBXFileReference; fileEncoding = 4; lastKnownFileType = sourcecode.swift; path = WifiFirstSlide.swift; sourceTree = "<group>"; };
		52E3525B1E1F379D00115446 /* WifiSecondSlide.swift */ = {isa = PBXFileReference; fileEncoding = 4; lastKnownFileType = sourcecode.swift; path = WifiSecondSlide.swift; sourceTree = "<group>"; };
		52E3525D1E1F37B800115446 /* WifiThirdSlide.swift */ = {isa = PBXFileReference; fileEncoding = 4; lastKnownFileType = sourcecode.swift; path = WifiThirdSlide.swift; sourceTree = "<group>"; };
		52E3525F1E1F487000115446 /* GCDWebUploader.bundle */ = {isa = PBXFileReference; lastKnownFileType = "wrapper.plug-in"; path = GCDWebUploader.bundle; sourceTree = "<group>"; };
		52E352661E1F4CE300115446 /* HttpFileTransferManager.swift */ = {isa = PBXFileReference; fileEncoding = 4; lastKnownFileType = sourcecode.swift; path = HttpFileTransferManager.swift; sourceTree = "<group>"; };
		52E55C791E235142007C6EDF /* LocalFileManager.swift */ = {isa = PBXFileReference; fileEncoding = 4; lastKnownFileType = sourcecode.swift; path = LocalFileManager.swift; sourceTree = "<group>"; };
		52E55C7B1E236B5E007C6EDF /* LocalFileMetadata.swift */ = {isa = PBXFileReference; fileEncoding = 4; lastKnownFileType = sourcecode.swift; path = LocalFileMetadata.swift; sourceTree = "<group>"; };
		52E847831E1355BE004AAABE /* NeatDrive.app */ = {isa = PBXFileReference; explicitFileType = wrapper.application; includeInIndex = 0; path = NeatDrive.app; sourceTree = BUILT_PRODUCTS_DIR; };
		52E847861E1355BE004AAABE /* AppDelegate.swift */ = {isa = PBXFileReference; lastKnownFileType = sourcecode.swift; path = AppDelegate.swift; sourceTree = "<group>"; };
		52E847881E1355BE004AAABE /* ViewController.swift */ = {isa = PBXFileReference; lastKnownFileType = sourcecode.swift; path = ViewController.swift; sourceTree = "<group>"; };
		52E8478B1E1355BE004AAABE /* Base */ = {isa = PBXFileReference; lastKnownFileType = file.storyboard; name = Base; path = Base.lproj/Main.storyboard; sourceTree = "<group>"; };
		52E8478D1E1355BE004AAABE /* Assets.xcassets */ = {isa = PBXFileReference; lastKnownFileType = folder.assetcatalog; path = Assets.xcassets; sourceTree = "<group>"; };
		52E847901E1355BE004AAABE /* Base */ = {isa = PBXFileReference; lastKnownFileType = file.storyboard; name = Base; path = Base.lproj/LaunchScreen.storyboard; sourceTree = "<group>"; };
		52E847921E1355BE004AAABE /* Info.plist */ = {isa = PBXFileReference; lastKnownFileType = text.plist.xml; path = Info.plist; sourceTree = "<group>"; };
		52E847971E1355BE004AAABE /* NeatDriveTests.xctest */ = {isa = PBXFileReference; explicitFileType = wrapper.cfbundle; includeInIndex = 0; path = NeatDriveTests.xctest; sourceTree = BUILT_PRODUCTS_DIR; };
		52E8479B1E1355BE004AAABE /* NeatDriveTests.swift */ = {isa = PBXFileReference; lastKnownFileType = sourcecode.swift; path = NeatDriveTests.swift; sourceTree = "<group>"; };
		52E8479D1E1355BE004AAABE /* Info.plist */ = {isa = PBXFileReference; lastKnownFileType = text.plist.xml; path = Info.plist; sourceTree = "<group>"; };
		52E847A21E1355BE004AAABE /* NeatDriveUITests.xctest */ = {isa = PBXFileReference; explicitFileType = wrapper.cfbundle; includeInIndex = 0; path = NeatDriveUITests.xctest; sourceTree = BUILT_PRODUCTS_DIR; };
		52E847A61E1355BE004AAABE /* NeatDriveUITests.swift */ = {isa = PBXFileReference; lastKnownFileType = sourcecode.swift; path = NeatDriveUITests.swift; sourceTree = "<group>"; };
		52E847A81E1355BE004AAABE /* Info.plist */ = {isa = PBXFileReference; lastKnownFileType = text.plist.xml; path = Info.plist; sourceTree = "<group>"; };
		52E847B41E160918004AAABE /* LocalFilesViewController.swift */ = {isa = PBXFileReference; fileEncoding = 4; lastKnownFileType = sourcecode.swift; path = LocalFilesViewController.swift; sourceTree = "<group>"; };
		52E847B61E160994004AAABE /* MenuViewController.swift */ = {isa = PBXFileReference; fileEncoding = 4; lastKnownFileType = sourcecode.swift; path = MenuViewController.swift; sourceTree = "<group>"; };
		52E847B81E160BD0004AAABE /* SlidableViewController.swift */ = {isa = PBXFileReference; fileEncoding = 4; lastKnownFileType = sourcecode.swift; path = SlidableViewController.swift; sourceTree = "<group>"; };
		7CD1335D40345BF32D4230BF /* Pods-NeatDriveTests.release.xcconfig */ = {isa = PBXFileReference; includeInIndex = 1; lastKnownFileType = text.xcconfig; name = "Pods-NeatDriveTests.release.xcconfig"; path = "Pods/Target Support Files/Pods-NeatDriveTests/Pods-NeatDriveTests.release.xcconfig"; sourceTree = "<group>"; };
		A3A628776E25F8C6D844FC85 /* Pods_NeatDriveUITests.framework */ = {isa = PBXFileReference; explicitFileType = wrapper.framework; includeInIndex = 0; path = Pods_NeatDriveUITests.framework; sourceTree = BUILT_PRODUCTS_DIR; };
		AB43F2A786E699606050156C /* Pods_NeatDrive.framework */ = {isa = PBXFileReference; explicitFileType = wrapper.framework; includeInIndex = 0; path = Pods_NeatDrive.framework; sourceTree = BUILT_PRODUCTS_DIR; };
		B58225BF61607A29AD9AEAB6 /* Pods_NeatDriveTests.framework */ = {isa = PBXFileReference; explicitFileType = wrapper.framework; includeInIndex = 0; path = Pods_NeatDriveTests.framework; sourceTree = BUILT_PRODUCTS_DIR; };
		C3CCBE1E1F1C58755B106EC5 /* Pods-NeatDrive.release.xcconfig */ = {isa = PBXFileReference; includeInIndex = 1; lastKnownFileType = text.xcconfig; name = "Pods-NeatDrive.release.xcconfig"; path = "Pods/Target Support Files/Pods-NeatDrive/Pods-NeatDrive.release.xcconfig"; sourceTree = "<group>"; };
		D0419317DF0405B0A1DE0C49 /* Pods-NeatDriveUITests.release.xcconfig */ = {isa = PBXFileReference; includeInIndex = 1; lastKnownFileType = text.xcconfig; name = "Pods-NeatDriveUITests.release.xcconfig"; path = "Pods/Target Support Files/Pods-NeatDriveUITests/Pods-NeatDriveUITests.release.xcconfig"; sourceTree = "<group>"; };
/* End PBXFileReference section */

/* Begin PBXFrameworksBuildPhase section */
		52E847801E1355BE004AAABE /* Frameworks */ = {
			isa = PBXFrameworksBuildPhase;
			buildActionMask = 2147483647;
			files = (
				F1725A51D4906247ED2BB123 /* Pods_NeatDrive.framework in Frameworks */,
			);
			runOnlyForDeploymentPostprocessing = 0;
		};
		52E847941E1355BE004AAABE /* Frameworks */ = {
			isa = PBXFrameworksBuildPhase;
			buildActionMask = 2147483647;
			files = (
				BA34B4253663C3D183F49D97 /* Pods_NeatDriveTests.framework in Frameworks */,
			);
			runOnlyForDeploymentPostprocessing = 0;
		};
		52E8479F1E1355BE004AAABE /* Frameworks */ = {
			isa = PBXFrameworksBuildPhase;
			buildActionMask = 2147483647;
			files = (
				264F3B172FF8E4163B62AE42 /* Pods_NeatDriveUITests.framework in Frameworks */,
			);
			runOnlyForDeploymentPostprocessing = 0;
		};
/* End PBXFrameworksBuildPhase section */

/* Begin PBXGroup section */
		0129FDFAEBCE02F6FF157F36 /* Pods */ = {
			isa = PBXGroup;
			children = (
				3BD7158A30DD702E6E75DD35 /* Pods-NeatDrive.debug.xcconfig */,
				C3CCBE1E1F1C58755B106EC5 /* Pods-NeatDrive.release.xcconfig */,
				11A52F3443333FA62D87E14E /* Pods-NeatDriveTests.debug.xcconfig */,
				7CD1335D40345BF32D4230BF /* Pods-NeatDriveTests.release.xcconfig */,
				3CF1410B986EABFEE2704EBB /* Pods-NeatDriveUITests.debug.xcconfig */,
				D0419317DF0405B0A1DE0C49 /* Pods-NeatDriveUITests.release.xcconfig */,
			);
			name = Pods;
			sourceTree = "<group>";
		};
		52391D521E1B30AD00D23D94 /* LocalFiles */ = {
			isa = PBXGroup;
			children = (
				52E847B41E160918004AAABE /* LocalFilesViewController.swift */,
				521B3DB11E237C8A0053EAAE /* FileCell.swift */,
			);
			name = LocalFiles;
			sourceTree = "<group>";
		};
		52391D531E1B30C400D23D94 /* SlidableView */ = {
			isa = PBXGroup;
			children = (
				52E847B61E160994004AAABE /* MenuViewController.swift */,
				52E847B81E160BD0004AAABE /* SlidableViewController.swift */,
				52391D5D1E1B399000D23D94 /* MenuItemCell.swift */,
			);
			name = SlidableView;
			sourceTree = "<group>";
		};
		52391D541E1B30E300D23D94 /* CloudService */ = {
			isa = PBXGroup;
			children = (
				52DA66831E1BCFE30055F150 /* DownloadQueue */,
				52DA66821E1BCFC50055F150 /* CloudFiles */,
				52391D551E1B30FF00D23D94 /* CloudServiceViewController.swift */,
				52391D5F1E1B41A000D23D94 /* CloudItemCell.swift */,
			);
			name = CloudService;
			sourceTree = "<group>";
		};
		52391D571E1B316B00D23D94 /* FileShare */ = {
			isa = PBXGroup;
			children = (
				52E352541E1F305600115446 /* Wifi */,
				52391D581E1B318A00D23D94 /* FileShareViewController.swift */,
				52E352501E1E1A4300115446 /* EmptySegue.swift */,
				52E352521E1E1C4200115446 /* ContainerViewController.swift */,
			);
			name = FileShare;
			sourceTree = "<group>";
		};
		52391D5A1E1B31AB00D23D94 /* StorageStatus */ = {
			isa = PBXGroup;
			children = (
				52391D5B1E1B31C200D23D94 /* StorageStatusViewController.swift */,
			);
			name = StorageStatus;
			sourceTree = "<group>";
		};
		52391D611E1B427100D23D94 /* ThirdParty */ = {
			isa = PBXGroup;
			children = (
				52E55C781E235124007C6EDF /* LocalFileManager */,
				52E352611E1F4A3000115446 /* HttpServer */,
				52391D621E1B427D00D23D94 /* CloudDrive */,
			);
			name = ThirdParty;
			sourceTree = "<group>";
		};
		52391D621E1B427D00D23D94 /* CloudDrive */ = {
			isa = PBXGroup;
			children = (
				52DA66841E1BD22E0055F150 /* DropBoxDrive.swift */,
				52DA66851E1BD22E0055F150 /* GoogleDrive.swift */,
				52DA66861E1BD22E0055F150 /* CloudDrive.swift */,
			);
			name = CloudDrive;
			sourceTree = "<group>";
		};
		52391D711E1B782800D23D94 /* Utility */ = {
			isa = PBXGroup;
			children = (
				52391D721E1B784800D23D94 /* Utility.swift */,
			);
			name = Utility;
			sourceTree = "<group>";
		};
		52DA66821E1BCFC50055F150 /* CloudFiles */ = {
			isa = PBXGroup;
			children = (
				52391D691E1B45FA00D23D94 /* CloudFileViewController.swift */,
				52391D741E1B973E00D23D94 /* CloudMetadataCell.swift */,
			);
			name = CloudFiles;
			sourceTree = "<group>";
		};
		52DA66831E1BCFE30055F150 /* DownloadQueue */ = {
			isa = PBXGroup;
			children = (
				52DA668A1E1BD2480055F150 /* DownloadQueueViewController.swift */,
				52DA668C1E1BD2860055F150 /* DownloadCell.swift */,
			);
			name = DownloadQueue;
			sourceTree = "<group>";
		};
		52E3524D1E1C9D3200115446 /* Passcode */ = {
			isa = PBXGroup;
			children = (
				52E3524E1E1C9D5200115446 /* PasscodeViewController.swift */,
			);
			name = Passcode;
			sourceTree = "<group>";
		};
		52E352541E1F305600115446 /* Wifi */ = {
			isa = PBXGroup;
			children = (
				52E352551E1F306C00115446 /* WifiViewController.swift */,
				52E352571E1F338D00115446 /* NavSlideViewController.swift */,
				52E352591E1F376200115446 /* WifiFirstSlide.swift */,
				52E3525B1E1F379D00115446 /* WifiSecondSlide.swift */,
				52E3525D1E1F37B800115446 /* WifiThirdSlide.swift */,
			);
			name = Wifi;
			sourceTree = "<group>";
		};
		52E352611E1F4A3000115446 /* HttpServer */ = {
			isa = PBXGroup;
			children = (
				52E352661E1F4CE300115446 /* HttpFileTransferManager.swift */,
			);
			name = HttpServer;
			sourceTree = "<group>";
		};
		52E55C781E235124007C6EDF /* LocalFileManager */ = {
			isa = PBXGroup;
			children = (
				52E55C791E235142007C6EDF /* LocalFileManager.swift */,
				52E55C7B1E236B5E007C6EDF /* LocalFileMetadata.swift */,
			);
			name = LocalFileManager;
			sourceTree = "<group>";
		};
		52E8477A1E1355BE004AAABE = {
			isa = PBXGroup;
			children = (
				52E847851E1355BE004AAABE /* NeatDrive */,
				52E8479A1E1355BE004AAABE /* NeatDriveTests */,
				52E847A51E1355BE004AAABE /* NeatDriveUITests */,
				52E847841E1355BE004AAABE /* Products */,
				0129FDFAEBCE02F6FF157F36 /* Pods */,
				FB05ADD102E70A1FB6655F02 /* Frameworks */,
			);
			sourceTree = "<group>";
		};
		52E847841E1355BE004AAABE /* Products */ = {
			isa = PBXGroup;
			children = (
				52E847831E1355BE004AAABE /* NeatDrive.app */,
				52E847971E1355BE004AAABE /* NeatDriveTests.xctest */,
				52E847A21E1355BE004AAABE /* NeatDriveUITests.xctest */,
			);
			name = Products;
			sourceTree = "<group>";
		};
		52E847851E1355BE004AAABE /* NeatDrive */ = {
			isa = PBXGroup;
			children = (
				52DA66811E1BA3750055F150 /* NeatDrive.entitlements */,
				52391D611E1B427100D23D94 /* ThirdParty */,
				52391D711E1B782800D23D94 /* Utility */,
				52391D5A1E1B31AB00D23D94 /* StorageStatus */,
				52391D571E1B316B00D23D94 /* FileShare */,
				52E3524D1E1C9D3200115446 /* Passcode */,
				52391D541E1B30E300D23D94 /* CloudService */,
				52391D521E1B30AD00D23D94 /* LocalFiles */,
				52391D531E1B30C400D23D94 /* SlidableView */,
				52E847861E1355BE004AAABE /* AppDelegate.swift */,
				52E847881E1355BE004AAABE /* ViewController.swift */,
				52E8478A1E1355BE004AAABE /* Main.storyboard */,
				52E8478D1E1355BE004AAABE /* Assets.xcassets */,
				52E8478F1E1355BE004AAABE /* LaunchScreen.storyboard */,
				52E847921E1355BE004AAABE /* Info.plist */,
				52E3525F1E1F487000115446 /* GCDWebUploader.bundle */,
			);
			path = NeatDrive;
			sourceTree = "<group>";
		};
		52E8479A1E1355BE004AAABE /* NeatDriveTests */ = {
			isa = PBXGroup;
			children = (
				52E8479B1E1355BE004AAABE /* NeatDriveTests.swift */,
				52E8479D1E1355BE004AAABE /* Info.plist */,
			);
			path = NeatDriveTests;
			sourceTree = "<group>";
		};
		52E847A51E1355BE004AAABE /* NeatDriveUITests */ = {
			isa = PBXGroup;
			children = (
				52E847A61E1355BE004AAABE /* NeatDriveUITests.swift */,
				52E847A81E1355BE004AAABE /* Info.plist */,
			);
			path = NeatDriveUITests;
			sourceTree = "<group>";
		};
		FB05ADD102E70A1FB6655F02 /* Frameworks */ = {
			isa = PBXGroup;
			children = (
				AB43F2A786E699606050156C /* Pods_NeatDrive.framework */,
				B58225BF61607A29AD9AEAB6 /* Pods_NeatDriveTests.framework */,
				A3A628776E25F8C6D844FC85 /* Pods_NeatDriveUITests.framework */,
			);
			name = Frameworks;
			sourceTree = "<group>";
		};
/* End PBXGroup section */

/* Begin PBXNativeTarget section */
		52E847821E1355BE004AAABE /* NeatDrive */ = {
			isa = PBXNativeTarget;
			buildConfigurationList = 52E847AB1E1355BE004AAABE /* Build configuration list for PBXNativeTarget "NeatDrive" */;
			buildPhases = (
				32AD59EEB812B7386066E89C /* [CP] Check Pods Manifest.lock */,
				52E8477F1E1355BE004AAABE /* Sources */,
				52E847801E1355BE004AAABE /* Frameworks */,
				52E847811E1355BE004AAABE /* Resources */,
				6BB8C4BA825DD04F72FAD162 /* [CP] Embed Pods Frameworks */,
				22E4BC0AFE5C17A23F00D18A /* [CP] Copy Pods Resources */,
			);
			buildRules = (
			);
			dependencies = (
			);
			name = NeatDrive;
			productName = NeatDrive;
			productReference = 52E847831E1355BE004AAABE /* NeatDrive.app */;
			productType = "com.apple.product-type.application";
		};
		52E847961E1355BE004AAABE /* NeatDriveTests */ = {
			isa = PBXNativeTarget;
			buildConfigurationList = 52E847AE1E1355BE004AAABE /* Build configuration list for PBXNativeTarget "NeatDriveTests" */;
			buildPhases = (
				121857FECEAF713ABAAC3859 /* [CP] Check Pods Manifest.lock */,
				52E847931E1355BE004AAABE /* Sources */,
				52E847941E1355BE004AAABE /* Frameworks */,
				52E847951E1355BE004AAABE /* Resources */,
				20130190A36A0640142B2D90 /* [CP] Embed Pods Frameworks */,
				9A068858339E90B8822C578E /* [CP] Copy Pods Resources */,
			);
			buildRules = (
			);
			dependencies = (
				52E847991E1355BE004AAABE /* PBXTargetDependency */,
			);
			name = NeatDriveTests;
			productName = NeatDriveTests;
			productReference = 52E847971E1355BE004AAABE /* NeatDriveTests.xctest */;
			productType = "com.apple.product-type.bundle.unit-test";
		};
		52E847A11E1355BE004AAABE /* NeatDriveUITests */ = {
			isa = PBXNativeTarget;
			buildConfigurationList = 52E847B11E1355BE004AAABE /* Build configuration list for PBXNativeTarget "NeatDriveUITests" */;
			buildPhases = (
				16BD03EB6906A55F1406CC02 /* [CP] Check Pods Manifest.lock */,
				52E8479E1E1355BE004AAABE /* Sources */,
				52E8479F1E1355BE004AAABE /* Frameworks */,
				52E847A01E1355BE004AAABE /* Resources */,
				A09C0316D27FD03C7A8A35DF /* [CP] Embed Pods Frameworks */,
				B0DA72ECC6974C7C9BEEA76A /* [CP] Copy Pods Resources */,
			);
			buildRules = (
			);
			dependencies = (
				52E847A41E1355BE004AAABE /* PBXTargetDependency */,
			);
			name = NeatDriveUITests;
			productName = NeatDriveUITests;
			productReference = 52E847A21E1355BE004AAABE /* NeatDriveUITests.xctest */;
			productType = "com.apple.product-type.bundle.ui-testing";
		};
/* End PBXNativeTarget section */

/* Begin PBXProject section */
		52E8477B1E1355BE004AAABE /* Project object */ = {
			isa = PBXProject;
			attributes = {
				LastSwiftUpdateCheck = 0800;
				LastUpgradeCheck = 0800;
				ORGANIZATIONNAME = Nelson;
				TargetAttributes = {
					52E847821E1355BE004AAABE = {
						CreatedOnToolsVersion = 8.0;
						DevelopmentTeam = D7S3BX6UT5;
						ProvisioningStyle = Automatic;
						SystemCapabilities = {
							com.apple.Keychain = {
								enabled = 1;
							};
						};
					};
					52E847961E1355BE004AAABE = {
						CreatedOnToolsVersion = 8.0;
						DevelopmentTeam = D7S3BX6UT5;
						ProvisioningStyle = Automatic;
						TestTargetID = 52E847821E1355BE004AAABE;
					};
					52E847A11E1355BE004AAABE = {
						CreatedOnToolsVersion = 8.0;
						DevelopmentTeam = D7S3BX6UT5;
						ProvisioningStyle = Automatic;
						TestTargetID = 52E847821E1355BE004AAABE;
					};
				};
			};
			buildConfigurationList = 52E8477E1E1355BE004AAABE /* Build configuration list for PBXProject "NeatDrive" */;
			compatibilityVersion = "Xcode 3.2";
			developmentRegion = English;
			hasScannedForEncodings = 0;
			knownRegions = (
				en,
				Base,
			);
			mainGroup = 52E8477A1E1355BE004AAABE;
			productRefGroup = 52E847841E1355BE004AAABE /* Products */;
			projectDirPath = "";
			projectRoot = "";
			targets = (
				52E847821E1355BE004AAABE /* NeatDrive */,
				52E847961E1355BE004AAABE /* NeatDriveTests */,
				52E847A11E1355BE004AAABE /* NeatDriveUITests */,
			);
		};
/* End PBXProject section */

/* Begin PBXResourcesBuildPhase section */
		52E847811E1355BE004AAABE /* Resources */ = {
			isa = PBXResourcesBuildPhase;
			buildActionMask = 2147483647;
			files = (
				52E847911E1355BE004AAABE /* LaunchScreen.storyboard in Resources */,
				52E352601E1F487000115446 /* GCDWebUploader.bundle in Resources */,
				52E8478E1E1355BE004AAABE /* Assets.xcassets in Resources */,
				52E8478C1E1355BE004AAABE /* Main.storyboard in Resources */,
			);
			runOnlyForDeploymentPostprocessing = 0;
		};
		52E847951E1355BE004AAABE /* Resources */ = {
			isa = PBXResourcesBuildPhase;
			buildActionMask = 2147483647;
			files = (
			);
			runOnlyForDeploymentPostprocessing = 0;
		};
		52E847A01E1355BE004AAABE /* Resources */ = {
			isa = PBXResourcesBuildPhase;
			buildActionMask = 2147483647;
			files = (
			);
			runOnlyForDeploymentPostprocessing = 0;
		};
/* End PBXResourcesBuildPhase section */

/* Begin PBXShellScriptBuildPhase section */
		121857FECEAF713ABAAC3859 /* [CP] Check Pods Manifest.lock */ = {
			isa = PBXShellScriptBuildPhase;
			buildActionMask = 2147483647;
			files = (
			);
			inputPaths = (
			);
			name = "[CP] Check Pods Manifest.lock";
			outputPaths = (
			);
			runOnlyForDeploymentPostprocessing = 0;
			shellPath = /bin/sh;
			shellScript = "diff \"${PODS_ROOT}/../Podfile.lock\" \"${PODS_ROOT}/Manifest.lock\" > /dev/null\nif [ $? != 0 ] ; then\n    # print error to STDERR\n    echo \"error: The sandbox is not in sync with the Podfile.lock. Run 'pod install' or update your CocoaPods installation.\" >&2\n    exit 1\nfi\n";
			showEnvVarsInLog = 0;
		};
		16BD03EB6906A55F1406CC02 /* [CP] Check Pods Manifest.lock */ = {
			isa = PBXShellScriptBuildPhase;
			buildActionMask = 2147483647;
			files = (
			);
			inputPaths = (
			);
			name = "[CP] Check Pods Manifest.lock";
			outputPaths = (
			);
			runOnlyForDeploymentPostprocessing = 0;
			shellPath = /bin/sh;
			shellScript = "diff \"${PODS_ROOT}/../Podfile.lock\" \"${PODS_ROOT}/Manifest.lock\" > /dev/null\nif [ $? != 0 ] ; then\n    # print error to STDERR\n    echo \"error: The sandbox is not in sync with the Podfile.lock. Run 'pod install' or update your CocoaPods installation.\" >&2\n    exit 1\nfi\n";
			showEnvVarsInLog = 0;
		};
		20130190A36A0640142B2D90 /* [CP] Embed Pods Frameworks */ = {
			isa = PBXShellScriptBuildPhase;
			buildActionMask = 2147483647;
			files = (
			);
			inputPaths = (
			);
			name = "[CP] Embed Pods Frameworks";
			outputPaths = (
			);
			runOnlyForDeploymentPostprocessing = 0;
			shellPath = /bin/sh;
			shellScript = "\"${SRCROOT}/Pods/Target Support Files/Pods-NeatDriveTests/Pods-NeatDriveTests-frameworks.sh\"\n";
			showEnvVarsInLog = 0;
		};
		22E4BC0AFE5C17A23F00D18A /* [CP] Copy Pods Resources */ = {
			isa = PBXShellScriptBuildPhase;
			buildActionMask = 2147483647;
			files = (
			);
			inputPaths = (
			);
			name = "[CP] Copy Pods Resources";
			outputPaths = (
			);
			runOnlyForDeploymentPostprocessing = 0;
			shellPath = /bin/sh;
			shellScript = "\"${SRCROOT}/Pods/Target Support Files/Pods-NeatDrive/Pods-NeatDrive-resources.sh\"\n";
			showEnvVarsInLog = 0;
		};
		32AD59EEB812B7386066E89C /* [CP] Check Pods Manifest.lock */ = {
			isa = PBXShellScriptBuildPhase;
			buildActionMask = 2147483647;
			files = (
			);
			inputPaths = (
			);
			name = "[CP] Check Pods Manifest.lock";
			outputPaths = (
			);
			runOnlyForDeploymentPostprocessing = 0;
			shellPath = /bin/sh;
			shellScript = "diff \"${PODS_ROOT}/../Podfile.lock\" \"${PODS_ROOT}/Manifest.lock\" > /dev/null\nif [ $? != 0 ] ; then\n    # print error to STDERR\n    echo \"error: The sandbox is not in sync with the Podfile.lock. Run 'pod install' or update your CocoaPods installation.\" >&2\n    exit 1\nfi\n";
			showEnvVarsInLog = 0;
		};
		6BB8C4BA825DD04F72FAD162 /* [CP] Embed Pods Frameworks */ = {
			isa = PBXShellScriptBuildPhase;
			buildActionMask = 2147483647;
			files = (
			);
			inputPaths = (
			);
			name = "[CP] Embed Pods Frameworks";
			outputPaths = (
			);
			runOnlyForDeploymentPostprocessing = 0;
			shellPath = /bin/sh;
			shellScript = "\"${SRCROOT}/Pods/Target Support Files/Pods-NeatDrive/Pods-NeatDrive-frameworks.sh\"\n";
			showEnvVarsInLog = 0;
		};
		9A068858339E90B8822C578E /* [CP] Copy Pods Resources */ = {
			isa = PBXShellScriptBuildPhase;
			buildActionMask = 2147483647;
			files = (
			);
			inputPaths = (
			);
			name = "[CP] Copy Pods Resources";
			outputPaths = (
			);
			runOnlyForDeploymentPostprocessing = 0;
			shellPath = /bin/sh;
			shellScript = "\"${SRCROOT}/Pods/Target Support Files/Pods-NeatDriveTests/Pods-NeatDriveTests-resources.sh\"\n";
			showEnvVarsInLog = 0;
		};
		A09C0316D27FD03C7A8A35DF /* [CP] Embed Pods Frameworks */ = {
			isa = PBXShellScriptBuildPhase;
			buildActionMask = 2147483647;
			files = (
			);
			inputPaths = (
			);
			name = "[CP] Embed Pods Frameworks";
			outputPaths = (
			);
			runOnlyForDeploymentPostprocessing = 0;
			shellPath = /bin/sh;
			shellScript = "\"${SRCROOT}/Pods/Target Support Files/Pods-NeatDriveUITests/Pods-NeatDriveUITests-frameworks.sh\"\n";
			showEnvVarsInLog = 0;
		};
		B0DA72ECC6974C7C9BEEA76A /* [CP] Copy Pods Resources */ = {
			isa = PBXShellScriptBuildPhase;
			buildActionMask = 2147483647;
			files = (
			);
			inputPaths = (
			);
			name = "[CP] Copy Pods Resources";
			outputPaths = (
			);
			runOnlyForDeploymentPostprocessing = 0;
			shellPath = /bin/sh;
			shellScript = "\"${SRCROOT}/Pods/Target Support Files/Pods-NeatDriveUITests/Pods-NeatDriveUITests-resources.sh\"\n";
			showEnvVarsInLog = 0;
		};
/* End PBXShellScriptBuildPhase section */

/* Begin PBXSourcesBuildPhase section */
		52E8477F1E1355BE004AAABE /* Sources */ = {
			isa = PBXSourcesBuildPhase;
			buildActionMask = 2147483647;
			files = (
				52E3525E1E1F37B800115446 /* WifiThirdSlide.swift in Sources */,
				52391D591E1B318A00D23D94 /* FileShareViewController.swift in Sources */,
				52E847B51E160918004AAABE /* LocalFilesViewController.swift in Sources */,
				521B3DB21E237C8A0053EAAE /* FileCell.swift in Sources */,
				52E352671E1F4CE300115446 /* HttpFileTransferManager.swift in Sources */,
				52391D561E1B30FF00D23D94 /* CloudServiceViewController.swift in Sources */,
				52391D6A1E1B45FA00D23D94 /* CloudFileViewController.swift in Sources */,
				52E847B91E160BD0004AAABE /* SlidableViewController.swift in Sources */,
				52391D731E1B784800D23D94 /* Utility.swift in Sources */,
				52391D5C1E1B31C200D23D94 /* StorageStatusViewController.swift in Sources */,
				52E3525A1E1F376200115446 /* WifiFirstSlide.swift in Sources */,
				52E847891E1355BE004AAABE /* ViewController.swift in Sources */,
				52E3525C1E1F379D00115446 /* WifiSecondSlide.swift in Sources */,
				52E352581E1F338D00115446 /* NavSlideViewController.swift in Sources */,
				52391D5E1E1B399000D23D94 /* MenuItemCell.swift in Sources */,
				52DA668B1E1BD2480055F150 /* DownloadQueueViewController.swift in Sources */,
				52DA66881E1BD22E0055F150 /* GoogleDrive.swift in Sources */,
				52DA66871E1BD22E0055F150 /* DropBoxDrive.swift in Sources */,
				52391D751E1B973E00D23D94 /* CloudMetadataCell.swift in Sources */,
				52E3524F1E1C9D5200115446 /* PasscodeViewController.swift in Sources */,
				52DA66891E1BD22E0055F150 /* CloudDrive.swift in Sources */,
				52E352561E1F306C00115446 /* WifiViewController.swift in Sources */,
				52E847871E1355BE004AAABE /* AppDelegate.swift in Sources */,
				52E352531E1E1C4200115446 /* ContainerViewController.swift in Sources */,
				52391D601E1B41A000D23D94 /* CloudItemCell.swift in Sources */,
				52E352511E1E1A4300115446 /* EmptySegue.swift in Sources */,
				52E847B71E160994004AAABE /* MenuViewController.swift in Sources */,
				52DA668D1E1BD2860055F150 /* DownloadCell.swift in Sources */,
				52E55C7C1E236B5E007C6EDF /* LocalFileMetadata.swift in Sources */,
				52E55C7A1E235142007C6EDF /* LocalFileManager.swift in Sources */,
			);
			runOnlyForDeploymentPostprocessing = 0;
		};
		52E847931E1355BE004AAABE /* Sources */ = {
			isa = PBXSourcesBuildPhase;
			buildActionMask = 2147483647;
			files = (
				52E8479C1E1355BE004AAABE /* NeatDriveTests.swift in Sources */,
			);
			runOnlyForDeploymentPostprocessing = 0;
		};
		52E8479E1E1355BE004AAABE /* Sources */ = {
			isa = PBXSourcesBuildPhase;
			buildActionMask = 2147483647;
			files = (
				52E847A71E1355BE004AAABE /* NeatDriveUITests.swift in Sources */,
			);
			runOnlyForDeploymentPostprocessing = 0;
		};
/* End PBXSourcesBuildPhase section */

/* Begin PBXTargetDependency section */
		52E847991E1355BE004AAABE /* PBXTargetDependency */ = {
			isa = PBXTargetDependency;
			target = 52E847821E1355BE004AAABE /* NeatDrive */;
			targetProxy = 52E847981E1355BE004AAABE /* PBXContainerItemProxy */;
		};
		52E847A41E1355BE004AAABE /* PBXTargetDependency */ = {
			isa = PBXTargetDependency;
			target = 52E847821E1355BE004AAABE /* NeatDrive */;
			targetProxy = 52E847A31E1355BE004AAABE /* PBXContainerItemProxy */;
		};
/* End PBXTargetDependency section */

/* Begin PBXVariantGroup section */
		52E8478A1E1355BE004AAABE /* Main.storyboard */ = {
			isa = PBXVariantGroup;
			children = (
				52E8478B1E1355BE004AAABE /* Base */,
			);
			name = Main.storyboard;
			sourceTree = "<group>";
		};
		52E8478F1E1355BE004AAABE /* LaunchScreen.storyboard */ = {
			isa = PBXVariantGroup;
			children = (
				52E847901E1355BE004AAABE /* Base */,
			);
			name = LaunchScreen.storyboard;
			sourceTree = "<group>";
		};
/* End PBXVariantGroup section */

/* Begin XCBuildConfiguration section */
		52E847A91E1355BE004AAABE /* Debug */ = {
			isa = XCBuildConfiguration;
			buildSettings = {
				ALWAYS_SEARCH_USER_PATHS = NO;
				CLANG_ANALYZER_NONNULL = YES;
				CLANG_CXX_LANGUAGE_STANDARD = "gnu++0x";
				CLANG_CXX_LIBRARY = "libc++";
				CLANG_ENABLE_MODULES = YES;
				CLANG_ENABLE_OBJC_ARC = YES;
				CLANG_WARN_BOOL_CONVERSION = YES;
				CLANG_WARN_CONSTANT_CONVERSION = YES;
				CLANG_WARN_DIRECT_OBJC_ISA_USAGE = YES_ERROR;
				CLANG_WARN_DOCUMENTATION_COMMENTS = YES;
				CLANG_WARN_EMPTY_BODY = YES;
				CLANG_WARN_ENUM_CONVERSION = YES;
				CLANG_WARN_INFINITE_RECURSION = YES;
				CLANG_WARN_INT_CONVERSION = YES;
				CLANG_WARN_OBJC_ROOT_CLASS = YES_ERROR;
				CLANG_WARN_SUSPICIOUS_MOVES = YES;
				CLANG_WARN_UNREACHABLE_CODE = YES;
				CLANG_WARN__DUPLICATE_METHOD_MATCH = YES;
				"CODE_SIGN_IDENTITY[sdk=iphoneos*]" = "iPhone Developer";
				COPY_PHASE_STRIP = NO;
				DEBUG_INFORMATION_FORMAT = dwarf;
				ENABLE_STRICT_OBJC_MSGSEND = YES;
				ENABLE_TESTABILITY = YES;
				GCC_C_LANGUAGE_STANDARD = gnu99;
				GCC_DYNAMIC_NO_PIC = NO;
				GCC_NO_COMMON_BLOCKS = YES;
				GCC_OPTIMIZATION_LEVEL = 0;
				GCC_PREPROCESSOR_DEFINITIONS = (
					"DEBUG=1",
					"$(inherited)",
				);
				GCC_WARN_64_TO_32_BIT_CONVERSION = YES;
				GCC_WARN_ABOUT_RETURN_TYPE = YES_ERROR;
				GCC_WARN_UNDECLARED_SELECTOR = YES;
				GCC_WARN_UNINITIALIZED_AUTOS = YES_AGGRESSIVE;
				GCC_WARN_UNUSED_FUNCTION = YES;
				GCC_WARN_UNUSED_VARIABLE = YES;
				IPHONEOS_DEPLOYMENT_TARGET = 10.0;
				MTL_ENABLE_DEBUG_INFO = YES;
				ONLY_ACTIVE_ARCH = YES;
				SDKROOT = iphoneos;
				SWIFT_ACTIVE_COMPILATION_CONDITIONS = DEBUG;
				SWIFT_OPTIMIZATION_LEVEL = "-Onone";
				TARGETED_DEVICE_FAMILY = "1,2";
			};
			name = Debug;
		};
		52E847AA1E1355BE004AAABE /* Release */ = {
			isa = XCBuildConfiguration;
			buildSettings = {
				ALWAYS_SEARCH_USER_PATHS = NO;
				CLANG_ANALYZER_NONNULL = YES;
				CLANG_CXX_LANGUAGE_STANDARD = "gnu++0x";
				CLANG_CXX_LIBRARY = "libc++";
				CLANG_ENABLE_MODULES = YES;
				CLANG_ENABLE_OBJC_ARC = YES;
				CLANG_WARN_BOOL_CONVERSION = YES;
				CLANG_WARN_CONSTANT_CONVERSION = YES;
				CLANG_WARN_DIRECT_OBJC_ISA_USAGE = YES_ERROR;
				CLANG_WARN_DOCUMENTATION_COMMENTS = YES;
				CLANG_WARN_EMPTY_BODY = YES;
				CLANG_WARN_ENUM_CONVERSION = YES;
				CLANG_WARN_INFINITE_RECURSION = YES;
				CLANG_WARN_INT_CONVERSION = YES;
				CLANG_WARN_OBJC_ROOT_CLASS = YES_ERROR;
				CLANG_WARN_SUSPICIOUS_MOVES = YES;
				CLANG_WARN_UNREACHABLE_CODE = YES;
				CLANG_WARN__DUPLICATE_METHOD_MATCH = YES;
				"CODE_SIGN_IDENTITY[sdk=iphoneos*]" = "iPhone Developer";
				COPY_PHASE_STRIP = NO;
				DEBUG_INFORMATION_FORMAT = "dwarf-with-dsym";
				ENABLE_NS_ASSERTIONS = NO;
				ENABLE_STRICT_OBJC_MSGSEND = YES;
				GCC_C_LANGUAGE_STANDARD = gnu99;
				GCC_NO_COMMON_BLOCKS = YES;
				GCC_WARN_64_TO_32_BIT_CONVERSION = YES;
				GCC_WARN_ABOUT_RETURN_TYPE = YES_ERROR;
				GCC_WARN_UNDECLARED_SELECTOR = YES;
				GCC_WARN_UNINITIALIZED_AUTOS = YES_AGGRESSIVE;
				GCC_WARN_UNUSED_FUNCTION = YES;
				GCC_WARN_UNUSED_VARIABLE = YES;
				IPHONEOS_DEPLOYMENT_TARGET = 10.0;
				MTL_ENABLE_DEBUG_INFO = NO;
				SDKROOT = iphoneos;
				SWIFT_OPTIMIZATION_LEVEL = "-Owholemodule";
				TARGETED_DEVICE_FAMILY = "1,2";
				VALIDATE_PRODUCT = YES;
			};
			name = Release;
		};
		52E847AC1E1355BE004AAABE /* Debug */ = {
			isa = XCBuildConfiguration;
			baseConfigurationReference = 3BD7158A30DD702E6E75DD35 /* Pods-NeatDrive.debug.xcconfig */;
			buildSettings = {
				ASSETCATALOG_COMPILER_APPICON_NAME = AppIcon;
				CODE_SIGN_ENTITLEMENTS = NeatDrive/NeatDrive.entitlements;
				DEVELOPMENT_TEAM = D7S3BX6UT5;
				INFOPLIST_FILE = NeatDrive/Info.plist;
				LD_RUNPATH_SEARCH_PATHS = "$(inherited) @executable_path/Frameworks";
				PRODUCT_BUNDLE_IDENTIFIER = com.NeatDrive;
				PRODUCT_NAME = "$(TARGET_NAME)";
				SWIFT_VERSION = 3.0;
				TARGETED_DEVICE_FAMILY = "1,2";
			};
			name = Debug;
		};
		52E847AD1E1355BE004AAABE /* Release */ = {
			isa = XCBuildConfiguration;
			baseConfigurationReference = C3CCBE1E1F1C58755B106EC5 /* Pods-NeatDrive.release.xcconfig */;
			buildSettings = {
				ASSETCATALOG_COMPILER_APPICON_NAME = AppIcon;
				CODE_SIGN_ENTITLEMENTS = NeatDrive/NeatDrive.entitlements;
				DEVELOPMENT_TEAM = D7S3BX6UT5;
				INFOPLIST_FILE = NeatDrive/Info.plist;
				LD_RUNPATH_SEARCH_PATHS = "$(inherited) @executable_path/Frameworks";
				PRODUCT_BUNDLE_IDENTIFIER = com.NeatDrive;
				PRODUCT_NAME = "$(TARGET_NAME)";
				SWIFT_VERSION = 3.0;
				TARGETED_DEVICE_FAMILY = "1,2";
			};
			name = Release;
		};
		52E847AF1E1355BE004AAABE /* Debug */ = {
			isa = XCBuildConfiguration;
			baseConfigurationReference = 11A52F3443333FA62D87E14E /* Pods-NeatDriveTests.debug.xcconfig */;
			buildSettings = {
				ALWAYS_EMBED_SWIFT_STANDARD_LIBRARIES = YES;
				BUNDLE_LOADER = "$(TEST_HOST)";
				DEVELOPMENT_TEAM = D7S3BX6UT5;
				INFOPLIST_FILE = NeatDriveTests/Info.plist;
				LD_RUNPATH_SEARCH_PATHS = "$(inherited) @executable_path/Frameworks @loader_path/Frameworks";
				PRODUCT_BUNDLE_IDENTIFIER = com.NeatDriveTests;
				PRODUCT_NAME = "$(TARGET_NAME)";
				SWIFT_VERSION = 3.0;
				TEST_HOST = "$(BUILT_PRODUCTS_DIR)/NeatDrive.app/NeatDrive";
			};
			name = Debug;
		};
		52E847B01E1355BE004AAABE /* Release */ = {
			isa = XCBuildConfiguration;
			baseConfigurationReference = 7CD1335D40345BF32D4230BF /* Pods-NeatDriveTests.release.xcconfig */;
			buildSettings = {
				ALWAYS_EMBED_SWIFT_STANDARD_LIBRARIES = YES;
				BUNDLE_LOADER = "$(TEST_HOST)";
				DEVELOPMENT_TEAM = D7S3BX6UT5;
				INFOPLIST_FILE = NeatDriveTests/Info.plist;
				LD_RUNPATH_SEARCH_PATHS = "$(inherited) @executable_path/Frameworks @loader_path/Frameworks";
				PRODUCT_BUNDLE_IDENTIFIER = com.NeatDriveTests;
				PRODUCT_NAME = "$(TARGET_NAME)";
				SWIFT_VERSION = 3.0;
				TEST_HOST = "$(BUILT_PRODUCTS_DIR)/NeatDrive.app/NeatDrive";
			};
			name = Release;
		};
		52E847B21E1355BE004AAABE /* Debug */ = {
			isa = XCBuildConfiguration;
			baseConfigurationReference = 3CF1410B986EABFEE2704EBB /* Pods-NeatDriveUITests.debug.xcconfig */;
			buildSettings = {
				ALWAYS_EMBED_SWIFT_STANDARD_LIBRARIES = YES;
				DEVELOPMENT_TEAM = D7S3BX6UT5;
				INFOPLIST_FILE = NeatDriveUITests/Info.plist;
				LD_RUNPATH_SEARCH_PATHS = "$(inherited) @executable_path/Frameworks @loader_path/Frameworks";
				PRODUCT_BUNDLE_IDENTIFIER = com.NeatDriveUITests;
				PRODUCT_NAME = "$(TARGET_NAME)";
				SWIFT_VERSION = 3.0;
				TEST_TARGET_NAME = NeatDrive;
			};
			name = Debug;
		};
		52E847B31E1355BE004AAABE /* Release */ = {
			isa = XCBuildConfiguration;
			baseConfigurationReference = D0419317DF0405B0A1DE0C49 /* Pods-NeatDriveUITests.release.xcconfig */;
			buildSettings = {
				ALWAYS_EMBED_SWIFT_STANDARD_LIBRARIES = YES;
				DEVELOPMENT_TEAM = D7S3BX6UT5;
				INFOPLIST_FILE = NeatDriveUITests/Info.plist;
				LD_RUNPATH_SEARCH_PATHS = "$(inherited) @executable_path/Frameworks @loader_path/Frameworks";
				PRODUCT_BUNDLE_IDENTIFIER = com.NeatDriveUITests;
				PRODUCT_NAME = "$(TARGET_NAME)";
				SWIFT_VERSION = 3.0;
				TEST_TARGET_NAME = NeatDrive;
			};
			name = Release;
		};
/* End XCBuildConfiguration section */

/* Begin XCConfigurationList section */
		52E8477E1E1355BE004AAABE /* Build configuration list for PBXProject "NeatDrive" */ = {
			isa = XCConfigurationList;
			buildConfigurations = (
				52E847A91E1355BE004AAABE /* Debug */,
				52E847AA1E1355BE004AAABE /* Release */,
			);
			defaultConfigurationIsVisible = 0;
			defaultConfigurationName = Release;
		};
		52E847AB1E1355BE004AAABE /* Build configuration list for PBXNativeTarget "NeatDrive" */ = {
			isa = XCConfigurationList;
			buildConfigurations = (
				52E847AC1E1355BE004AAABE /* Debug */,
				52E847AD1E1355BE004AAABE /* Release */,
			);
			defaultConfigurationIsVisible = 0;
			defaultConfigurationName = Release;
		};
		52E847AE1E1355BE004AAABE /* Build configuration list for PBXNativeTarget "NeatDriveTests" */ = {
			isa = XCConfigurationList;
			buildConfigurations = (
				52E847AF1E1355BE004AAABE /* Debug */,
				52E847B01E1355BE004AAABE /* Release */,
			);
			defaultConfigurationIsVisible = 0;
			defaultConfigurationName = Release;
		};
		52E847B11E1355BE004AAABE /* Build configuration list for PBXNativeTarget "NeatDriveUITests" */ = {
			isa = XCConfigurationList;
			buildConfigurations = (
				52E847B21E1355BE004AAABE /* Debug */,
				52E847B31E1355BE004AAABE /* Release */,
			);
			defaultConfigurationIsVisible = 0;
			defaultConfigurationName = Release;
		};
/* End XCConfigurationList section */
	};
	rootObject = 52E8477B1E1355BE004AAABE /* Project object */;
}
